
Microsoft Visual Studio Solution File, Format Version 12.00
# Visual Studio Version 16
VisualStudioVersion = 16.0.29025.244
MinimumVisualStudioVersion = 10.0.40219.1
Project("{8BC9CEB8-8B4A-11D0-8D11-00A0C91BC942}") = "Trab_Exerc3", "Trab_Exerc3\Trab_Exerc3.vcxproj", "{48E67CC4-5652-4B77-B63B-4DFE223C08E4}"
EndProject
Global
	GlobalSection(SolutionConfigurationPlatforms) = preSolution
		Debug|x64 = Debug|x64
		Debug|x86 = Debug|x86
		Release|x64 = Release|x64
		Release|x86 = Release|x86
	EndGlobalSection
	GlobalSection(ProjectConfigurationPlatforms) = postSolution
		{48E67CC4-5652-4B77-B63B-4DFE223C08E4}.Debug|x64.ActiveCfg = Debug|x64
		{48E67CC4-5652-4B77-B63B-4DFE223C08E4}.Debug|x64.Build.0 = Debug|x64
		{48E67CC4-5652-4B77-B63B-4DFE223C08E4}.Debug|x86.ActiveCfg = Debug|Win32
		{48E67CC4-5652-4B77-B63B-4DFE223C08E4}.Debug|x86.Build.0 = Debug|Win32
		{48E67CC4-5652-4B77-B63B-4DFE223C08E4}.Release|x64.ActiveCfg = Release|x64
		{48E67CC4-5652-4B77-B63B-4DFE223C08E4}.Release|x64.Build.0 = Release|x64
		{48E67CC4-5652-4B77-B63B-4DFE223C08E4}.Release|x86.ActiveCfg = Release|Win32
		{48E67CC4-5652-4B77-B63B-4DFE223C08E4}.Release|x86.Build.0 = Release|Win32
	EndGlobalSection
	GlobalSection(SolutionProperties) = preSolution
		HideSolutionNode = FALSE
	EndGlobalSection
	GlobalSection(ExtensibilityGlobals) = postSolution
		SolutionGuid = {6E2E3689-19F2-4B57-885D-F1903DE2F673}
	EndGlobalSection
EndGlobal
