
Microsoft Visual Studio Solution File, Format Version 12.00
# Visual Studio Version 16
VisualStudioVersion = 16.0.29025.244
MinimumVisualStudioVersion = 10.0.40219.1
Project("{8BC9CEB8-8B4A-11D0-8D11-00A0C91BC942}") = "Trab_Exerc4", "Trab_Exerc4\Trab_Exerc4.vcxproj", "{8FFD4007-CBA5-4D23-8A6C-E017497B52E4}"
EndProject
Global
	GlobalSection(SolutionConfigurationPlatforms) = preSolution
		Debug|x64 = Debug|x64
		Debug|x86 = Debug|x86
		Release|x64 = Release|x64
		Release|x86 = Release|x86
	EndGlobalSection
	GlobalSection(ProjectConfigurationPlatforms) = postSolution
		{8FFD4007-CBA5-4D23-8A6C-E017497B52E4}.Debug|x64.ActiveCfg = Debug|x64
		{8FFD4007-CBA5-4D23-8A6C-E017497B52E4}.Debug|x64.Build.0 = Debug|x64
		{8FFD4007-CBA5-4D23-8A6C-E017497B52E4}.Debug|x86.ActiveCfg = Debug|Win32
		{8FFD4007-CBA5-4D23-8A6C-E017497B52E4}.Debug|x86.Build.0 = Debug|Win32
		{8FFD4007-CBA5-4D23-8A6C-E017497B52E4}.Release|x64.ActiveCfg = Release|x64
		{8FFD4007-CBA5-4D23-8A6C-E017497B52E4}.Release|x64.Build.0 = Release|x64
		{8FFD4007-CBA5-4D23-8A6C-E017497B52E4}.Release|x86.ActiveCfg = Release|Win32
		{8FFD4007-CBA5-4D23-8A6C-E017497B52E4}.Release|x86.Build.0 = Release|Win32
	EndGlobalSection
	GlobalSection(SolutionProperties) = preSolution
		HideSolutionNode = FALSE
	EndGlobalSection
	GlobalSection(ExtensibilityGlobals) = postSolution
		SolutionGuid = {DE7BD260-6E40-4877-B245-2F4311AEBD60}
	EndGlobalSection
EndGlobal
