
Microsoft Visual Studio Solution File, Format Version 12.00
# Visual Studio Version 16
VisualStudioVersion = 16.0.29025.244
MinimumVisualStudioVersion = 10.0.40219.1
Project("{8BC9CEB8-8B4A-11D0-8D11-00A0C91BC942}") = "Trab_Exerc2", "Trab_Exerc2\Trab_Exerc2.vcxproj", "{8190735C-C6F7-42F6-BFDF-9D6DC8855A68}"
EndProject
Global
	GlobalSection(SolutionConfigurationPlatforms) = preSolution
		Debug|x64 = Debug|x64
		Debug|x86 = Debug|x86
		Release|x64 = Release|x64
		Release|x86 = Release|x86
	EndGlobalSection
	GlobalSection(ProjectConfigurationPlatforms) = postSolution
		{8190735C-C6F7-42F6-BFDF-9D6DC8855A68}.Debug|x64.ActiveCfg = Debug|x64
		{8190735C-C6F7-42F6-BFDF-9D6DC8855A68}.Debug|x64.Build.0 = Debug|x64
		{8190735C-C6F7-42F6-BFDF-9D6DC8855A68}.Debug|x86.ActiveCfg = Debug|Win32
		{8190735C-C6F7-42F6-BFDF-9D6DC8855A68}.Debug|x86.Build.0 = Debug|Win32
		{8190735C-C6F7-42F6-BFDF-9D6DC8855A68}.Release|x64.ActiveCfg = Release|x64
		{8190735C-C6F7-42F6-BFDF-9D6DC8855A68}.Release|x64.Build.0 = Release|x64
		{8190735C-C6F7-42F6-BFDF-9D6DC8855A68}.Release|x86.ActiveCfg = Release|Win32
		{8190735C-C6F7-42F6-BFDF-9D6DC8855A68}.Release|x86.Build.0 = Release|Win32
	EndGlobalSection
	GlobalSection(SolutionProperties) = preSolution
		HideSolutionNode = FALSE
	EndGlobalSection
	GlobalSection(ExtensibilityGlobals) = postSolution
		SolutionGuid = {4381C260-DE3E-4FB2-8748-4530A4273B03}
	EndGlobalSection
EndGlobal
