
Microsoft Visual Studio Solution File, Format Version 12.00
# Visual Studio Version 16
VisualStudioVersion = 16.0.29025.244
MinimumVisualStudioVersion = 10.0.40219.1
Project("{8BC9CEB8-8B4A-11D0-8D11-00A0C91BC942}") = "StructFunçao", "StructFunçao\StructFunçao.vcxproj", "{768C6F1A-F575-4482-BECB-BE0D099AC855}"
EndProject
Global
	GlobalSection(SolutionConfigurationPlatforms) = preSolution
		Debug|x64 = Debug|x64
		Debug|x86 = Debug|x86
		Release|x64 = Release|x64
		Release|x86 = Release|x86
	EndGlobalSection
	GlobalSection(ProjectConfigurationPlatforms) = postSolution
		{768C6F1A-F575-4482-BECB-BE0D099AC855}.Debug|x64.ActiveCfg = Debug|x64
		{768C6F1A-F575-4482-BECB-BE0D099AC855}.Debug|x64.Build.0 = Debug|x64
		{768C6F1A-F575-4482-BECB-BE0D099AC855}.Debug|x86.ActiveCfg = Debug|Win32
		{768C6F1A-F575-4482-BECB-BE0D099AC855}.Debug|x86.Build.0 = Debug|Win32
		{768C6F1A-F575-4482-BECB-BE0D099AC855}.Release|x64.ActiveCfg = Release|x64
		{768C6F1A-F575-4482-BECB-BE0D099AC855}.Release|x64.Build.0 = Release|x64
		{768C6F1A-F575-4482-BECB-BE0D099AC855}.Release|x86.ActiveCfg = Release|Win32
		{768C6F1A-F575-4482-BECB-BE0D099AC855}.Release|x86.Build.0 = Release|Win32
	EndGlobalSection
	GlobalSection(SolutionProperties) = preSolution
		HideSolutionNode = FALSE
	EndGlobalSection
	GlobalSection(ExtensibilityGlobals) = postSolution
		SolutionGuid = {C2B6F7E6-EE83-4B17-8EFC-4E8116738E7C}
	EndGlobalSection
EndGlobal
