
Microsoft Visual Studio Solution File, Format Version 12.00
# Visual Studio Version 16
VisualStudioVersion = 16.0.29025.244
MinimumVisualStudioVersion = 10.0.40219.1
Project("{8BC9CEB8-8B4A-11D0-8D11-00A0C91BC942}") = "calloc1", "calloc1\calloc1.vcxproj", "{4ECAB18D-18BE-4B0E-B18B-9FCC4074ACFE}"
EndProject
Global
	GlobalSection(SolutionConfigurationPlatforms) = preSolution
		Debug|x64 = Debug|x64
		Debug|x86 = Debug|x86
		Release|x64 = Release|x64
		Release|x86 = Release|x86
	EndGlobalSection
	GlobalSection(ProjectConfigurationPlatforms) = postSolution
		{4ECAB18D-18BE-4B0E-B18B-9FCC4074ACFE}.Debug|x64.ActiveCfg = Debug|x64
		{4ECAB18D-18BE-4B0E-B18B-9FCC4074ACFE}.Debug|x64.Build.0 = Debug|x64
		{4ECAB18D-18BE-4B0E-B18B-9FCC4074ACFE}.Debug|x86.ActiveCfg = Debug|Win32
		{4ECAB18D-18BE-4B0E-B18B-9FCC4074ACFE}.Debug|x86.Build.0 = Debug|Win32
		{4ECAB18D-18BE-4B0E-B18B-9FCC4074ACFE}.Release|x64.ActiveCfg = Release|x64
		{4ECAB18D-18BE-4B0E-B18B-9FCC4074ACFE}.Release|x64.Build.0 = Release|x64
		{4ECAB18D-18BE-4B0E-B18B-9FCC4074ACFE}.Release|x86.ActiveCfg = Release|Win32
		{4ECAB18D-18BE-4B0E-B18B-9FCC4074ACFE}.Release|x86.Build.0 = Release|Win32
	EndGlobalSection
	GlobalSection(SolutionProperties) = preSolution
		HideSolutionNode = FALSE
	EndGlobalSection
	GlobalSection(ExtensibilityGlobals) = postSolution
		SolutionGuid = {8796AE5F-0C0C-4614-8667-83C6A42AD98B}
	EndGlobalSection
EndGlobal
